
Microsoft Visual Studio Solution File, Format Version 12.00
# Visual Studio Version 17
VisualStudioVersion = 17.7.34031.279
MinimumVisualStudioVersion = 10.0.40219.1
Project("{FAE04EC0-301F-11D3-BF4B-00C04F79EFBC}") = "253MC", "253MC.csproj", "{55CB7521-97A4-4370-9F9E-6C771C83CBC4}"
EndProject
Global
	GlobalSection(SolutionConfigurationPlatforms) = preSolution
		Debug|Any CPU = Debug|Any CPU
		Release|Any CPU = Release|Any CPU
	EndGlobalSection
	GlobalSection(ProjectConfigurationPlatforms) = postSolution
		{55CB7521-97A4-4370-9F9E-6C771C83CBC4}.Debug|Any CPU.ActiveCfg = Debug|Any CPU
		{55CB7521-97A4-4370-9F9E-6C771C83CBC4}.Debug|Any CPU.Build.0 = Debug|Any CPU
		{55CB7521-97A4-4370-9F9E-6C771C83CBC4}.Release|Any CPU.ActiveCfg = Release|Any CPU
		{55CB7521-97A4-4370-9F9E-6C771C83CBC4}.Release|Any CPU.Build.0 = Release|Any CPU
	EndGlobalSection
	GlobalSection(SolutionProperties) = preSolution
		HideSolutionNode = FALSE
	EndGlobalSection
	GlobalSection(ExtensibilityGlobals) = postSolution
		SolutionGuid = {87943BC1-1FBD-41AE-A89D-6BADBF933480}
	EndGlobalSection
EndGlobal
